
Microsoft Visual Studio Solution File, Format Version 12.00
# Visual Studio Version 17
VisualStudioVersion = 17.5.002.0
MinimumVisualStudioVersion = 10.0.40219.1
Project("{FAE04EC0-301F-11D3-BF4B-00C04F79EFBC}") = "PackCraft.Cli", "PackCraft\PackCraft.Cli.csproj", "{C6D25DDB-765A-43C8-BC45-DF157E2A969A}"
EndProject
Project("{2150E333-8FDC-42A3-9474-1A3956D46DE8}") = "SolutionFolder", "SolutionFolder", "{D5E4AE72-7A23-46F7-A099-799D48F164CB}"
	ProjectSection(SolutionItems) = preProject
		.gitignore = .gitignore
	EndProjectSection
EndProject
Global
	GlobalSection(SolutionConfigurationPlatforms) = preSolution
		Debug|Any CPU = Debug|Any CPU
		Release|Any CPU = Release|Any CPU
	EndGlobalSection
	GlobalSection(ProjectConfigurationPlatforms) = postSolution
		{C6D25DDB-765A-43C8-BC45-DF157E2A969A}.Debug|Any CPU.ActiveCfg = Debug|Any CPU
		{C6D25DDB-765A-43C8-BC45-DF157E2A969A}.Debug|Any CPU.Build.0 = Debug|Any CPU
		{C6D25DDB-765A-43C8-BC45-DF157E2A969A}.Release|Any CPU.ActiveCfg = Release|Any CPU
		{C6D25DDB-765A-43C8-BC45-DF157E2A969A}.Release|Any CPU.Build.0 = Release|Any CPU
	EndGlobalSection
	GlobalSection(SolutionProperties) = preSolution
		HideSolutionNode = FALSE
	EndGlobalSection
	GlobalSection(ExtensibilityGlobals) = postSolution
		SolutionGuid = {B2BFF1B4-D3B8-433A-AF85-53A738D9D810}
	EndGlobalSection
	GlobalSection(NestedProjects) = preSolution
	EndGlobalSection
EndGlobal
